{
  "originHash" : "435b6de1842ebee35a5dc39db9ab903fc18a01c8acc31e17e0dde6592e8281ee",
  "pins" : [
    {
      "identity" : "wwnormalizeaudioplayer",
      "kind" : "remoteSourceControl",
      "location" : "https://github.com/William-Weng/WWNormalizeAudioPlayer",
      "state" : {
        "revision" : "05c957c315209906df4988b9c2386e79df8f4606",
        "version" : "1.3.2"
      }
    }
  ],
  "version" : 3
}
