{
  "originHash" : "435b6de1842ebee35a5dc39db9ab903fc18a01c8acc31e17e0dde6592e8281ee",
  "pins" : [
    {
      "identity" : "wwnormalizeaudioplayer",
      "kind" : "remoteSourceControl",
      "location" : "https://github.com/William-Weng/WWNormalizeAudioPlayer",
      "state" : {
        "revision" : "a858157e14561207472abc4b916f91918f158b21",
        "version" : "1.5.5"
      }
    }
  ],
  "version" : 3
}
