{
  "originHash" : "435b6de1842ebee35a5dc39db9ab903fc18a01c8acc31e17e0dde6592e8281ee",
  "pins" : [
    {
      "identity" : "wwnormalizeaudioplayer",
      "kind" : "remoteSourceControl",
      "location" : "https://github.com/William-Weng/WWNormalizeAudioPlayer",
      "state" : {
        "revision" : "a8a5e4743d9842cd897ed6d6d86b588e42534e5d",
        "version" : "1.4.3"
      }
    }
  ],
  "version" : 3
}
